// !$*UTF8*$!
{
	archiveVersion = 1;
	classes = {
	};
	objectVersion = 56;
	objects = {

/* Begin PBXBuildFile section */
		7477A5DD2AAB64F600949D0D /* AppDelegate.swift in Sources */ = {isa = PBXBuildFile; fileRef = 7477A5DC2AAB64F600949D0D /* AppDelegate.swift */; };
		7477A5DF2AAB64F600949D0D /* SceneDelegate.swift in Sources */ = {isa = PBXBuildFile; fileRef = 7477A5DE2AAB64F600949D0D /* SceneDelegate.swift */; };
		7477A5E42AAB64F600949D0D /* Main.storyboard in Resources */ = {isa = PBXBuildFile; fileRef = 7477A5E22AAB64F600949D0D /* Main.storyboard */; };
		7477A5E62AAB64F800949D0D /* Assets.xcassets in Resources */ = {isa = PBXBuildFile; fileRef = 7477A5E52AAB64F800949D0D /* Assets.xcassets */; };
		7477A5E92AAB64F800949D0D /* LaunchScreen.storyboard in Resources */ = {isa = PBXBuildFile; fileRef = 7477A5E72AAB64F800949D0D /* LaunchScreen.storyboard */; };
		7477A5F12AAC8ED000949D0D /* FoodTableViewController.swift in Sources */ = {isa = PBXBuildFile; fileRef = 7477A5F02AAC8ED000949D0D /* FoodTableViewController.swift */; };
		7477A5F32AAC8EFD00949D0D /* Meal.swift in Sources */ = {isa = PBXBuildFile; fileRef = 7477A5F22AAC8EFD00949D0D /* Meal.swift */; };
		7477A5F52AAC8F0400949D0D /* Food.swift in Sources */ = {isa = PBXBuildFile; fileRef = 7477A5F42AAC8F0400949D0D /* Food.swift */; };
/* End PBXBuildFile section */

/* Begin PBXFileReference section */
		7477A5D92AAB64F600949D0D /* MealTracker.app */ = {isa = PBXFileReference; explicitFileType = wrapper.application; includeInIndex = 0; path = MealTracker.app; sourceTree = BUILT_PRODUCTS_DIR; };
		7477A5DC2AAB64F600949D0D /* AppDelegate.swift */ = {isa = PBXFileReference; lastKnownFileType = sourcecode.swift; path = AppDelegate.swift; sourceTree = "<group>"; };
		7477A5DE2AAB64F600949D0D /* SceneDelegate.swift */ = {isa = PBXFileReference; lastKnownFileType = sourcecode.swift; path = SceneDelegate.swift; sourceTree = "<group>"; };
		7477A5E32AAB64F600949D0D /* Base */ = {isa = PBXFileReference; lastKnownFileType = file.storyboard; name = Base; path = Base.lproj/Main.storyboard; sourceTree = "<group>"; };
		7477A5E52AAB64F800949D0D /* Assets.xcassets */ = {isa = PBXFileReference; lastKnownFileType = folder.assetcatalog; path = Assets.xcassets; sourceTree = "<group>"; };
		7477A5E82AAB64F800949D0D /* Base */ = {isa = PBXFileReference; lastKnownFileType = file.storyboard; name = Base; path = Base.lproj/LaunchScreen.storyboard; sourceTree = "<group>"; };
		7477A5EA2AAB64F800949D0D /* Info.plist */ = {isa = PBXFileReference; lastKnownFileType = text.plist.xml; path = Info.plist; sourceTree = "<group>"; };
		7477A5F02AAC8ED000949D0D /* FoodTableViewController.swift */ = {isa = PBXFileReference; lastKnownFileType = sourcecode.swift; path = FoodTableViewController.swift; sourceTree = "<group>"; };
		7477A5F22AAC8EFD00949D0D /* Meal.swift */ = {isa = PBXFileReference; lastKnownFileType = sourcecode.swift; path = Meal.swift; sourceTree = "<group>"; };
		7477A5F42AAC8F0400949D0D /* Food.swift */ = {isa = PBXFileReference; lastKnownFileType = sourcecode.swift; path = Food.swift; sourceTree = "<group>"; };
/* End PBXFileReference section */

/* Begin PBXFrameworksBuildPhase section */
		7477A5D62AAB64F600949D0D /* Frameworks */ = {
			isa = PBXFrameworksBuildPhase;
			buildActionMask = 2147483647;
			files = (
			);
			runOnlyForDeploymentPostprocessing = 0;
		};
/* End PBXFrameworksBuildPhase section */

/* Begin PBXGroup section */
		7477A5D02AAB64F600949D0D = {
			isa = PBXGroup;
			children = (
				7477A5DB2AAB64F600949D0D /* MealTracker */,
				7477A5DA2AAB64F600949D0D /* Products */,
			);
			sourceTree = "<group>";
		};
		7477A5DA2AAB64F600949D0D /* Products */ = {
			isa = PBXGroup;
			children = (
				7477A5D92AAB64F600949D0D /* MealTracker.app */,
			);
			name = Products;
			sourceTree = "<group>";
		};
		7477A5DB2AAB64F600949D0D /* MealTracker */ = {
			isa = PBXGroup;
			children = (
				7477A5EA2AAB64F800949D0D /* Info.plist */,
				7477A5DC2AAB64F600949D0D /* AppDelegate.swift */,
				7477A5DE2AAB64F600949D0D /* SceneDelegate.swift */,
				7477A5E22AAB64F600949D0D /* Main.storyboard */,
				7477A5E72AAB64F800949D0D /* LaunchScreen.storyboard */,
				7477A5E52AAB64F800949D0D /* Assets.xcassets */,
				7477A5F62AAC8F1200949D0D /* Models */,
				7477A5FA2AAC8F6800949D0D /* Model controllers */,
				7477A5F82AAC8F3400949D0D /* Views */,
				7477A5F92AAC8F5800949D0D /* View controllers */,
				7477A5FD2AAC8FB600949D0D /* Other controllers */,
				7477A5FE2AAC928000949D0D /* Protocols */,
				7477A5FB2AAC8F9300949D0D /* Extensions */,
				7477A5FC2AAC8FA500949D0D /* Resources */,
			);
			path = MealTracker;
			sourceTree = "<group>";
		};
		7477A5F62AAC8F1200949D0D /* Models */ = {
			isa = PBXGroup;
			children = (
				7477A5F22AAC8EFD00949D0D /* Meal.swift */,
				7477A5F42AAC8F0400949D0D /* Food.swift */,
			);
			path = Models;
			sourceTree = "<group>";
		};
		7477A5F82AAC8F3400949D0D /* Views */ = {
			isa = PBXGroup;
			children = (
			);
			path = Views;
			sourceTree = "<group>";
		};
		7477A5F92AAC8F5800949D0D /* View controllers */ = {
			isa = PBXGroup;
			children = (
				7477A5F02AAC8ED000949D0D /* FoodTableViewController.swift */,
			);
			path = "View controllers";
			sourceTree = "<group>";
		};
		7477A5FA2AAC8F6800949D0D /* Model controllers */ = {
			isa = PBXGroup;
			children = (
			);
			path = "Model controllers";
			sourceTree = "<group>";
		};
		7477A5FB2AAC8F9300949D0D /* Extensions */ = {
			isa = PBXGroup;
			children = (
			);
			path = Extensions;
			sourceTree = "<group>";
		};
		7477A5FC2AAC8FA500949D0D /* Resources */ = {
			isa = PBXGroup;
			children = (
			);
			path = Resources;
			sourceTree = "<group>";
		};
		7477A5FD2AAC8FB600949D0D /* Other controllers */ = {
			isa = PBXGroup;
			children = (
			);
			path = "Other controllers";
			sourceTree = "<group>";
		};
		7477A5FE2AAC928000949D0D /* Protocols */ = {
			isa = PBXGroup;
			children = (
			);
			path = Protocols;
			sourceTree = "<group>";
		};
/* End PBXGroup section */

/* Begin PBXNativeTarget section */
		7477A5D82AAB64F600949D0D /* MealTracker */ = {
			isa = PBXNativeTarget;
			buildConfigurationList = 7477A5ED2AAB64F800949D0D /* Build configuration list for PBXNativeTarget "MealTracker" */;
			buildPhases = (
				7477A5D52AAB64F600949D0D /* Sources */,
				7477A5D62AAB64F600949D0D /* Frameworks */,
				7477A5D72AAB64F600949D0D /* Resources */,
			);
			buildRules = (
			);
			dependencies = (
			);
			name = MealTracker;
			productName = MealTracker;
			productReference = 7477A5D92AAB64F600949D0D /* MealTracker.app */;
			productType = "com.apple.product-type.application";
		};
/* End PBXNativeTarget section */

/* Begin PBXProject section */
		7477A5D12AAB64F600949D0D /* Project object */ = {
			isa = PBXProject;
			attributes = {
				BuildIndependentTargetsInParallel = 1;
				LastSwiftUpdateCheck = 1430;
				LastUpgradeCheck = 1430;
				TargetAttributes = {
					7477A5D82AAB64F600949D0D = {
						CreatedOnToolsVersion = 14.3.1;
					};
				};
			};
			buildConfigurationList = 7477A5D42AAB64F600949D0D /* Build configuration list for PBXProject "MealTracker" */;
			compatibilityVersion = "Xcode 14.0";
			developmentRegion = en;
			hasScannedForEncodings = 0;
			knownRegions = (
				en,
				Base,
			);
			mainGroup = 7477A5D02AAB64F600949D0D;
			productRefGroup = 7477A5DA2AAB64F600949D0D /* Products */;
			projectDirPath = "";
			projectRoot = "";
			targets = (
				7477A5D82AAB64F600949D0D /* MealTracker */,
			);
		};
/* End PBXProject section */

/* Begin PBXResourcesBuildPhase section */
		7477A5D72AAB64F600949D0D /* Resources */ = {
			isa = PBXResourcesBuildPhase;
			buildActionMask = 2147483647;
			files = (
				7477A5E92AAB64F800949D0D /* LaunchScreen.storyboard in Resources */,
				7477A5E62AAB64F800949D0D /* Assets.xcassets in Resources */,
				7477A5E42AAB64F600949D0D /* Main.storyboard in Resources */,
			);
			runOnlyForDeploymentPostprocessing = 0;
		};
/* End PBXResourcesBuildPhase section */

/* Begin PBXSourcesBuildPhase section */
		7477A5D52AAB64F600949D0D /* Sources */ = {
			isa = PBXSourcesBuildPhase;
			buildActionMask = 2147483647;
			files = (
				7477A5F32AAC8EFD00949D0D /* Meal.swift in Sources */,
				7477A5DD2AAB64F600949D0D /* AppDelegate.swift in Sources */,
				7477A5F52AAC8F0400949D0D /* Food.swift in Sources */,
				7477A5F12AAC8ED000949D0D /* FoodTableViewController.swift in Sources */,
				7477A5DF2AAB64F600949D0D /* SceneDelegate.swift in Sources */,
			);
			runOnlyForDeploymentPostprocessing = 0;
		};
/* End PBXSourcesBuildPhase section */

/* Begin PBXVariantGroup section */
		7477A5E22AAB64F600949D0D /* Main.storyboard */ = {
			isa = PBXVariantGroup;
			children = (
				7477A5E32AAB64F600949D0D /* Base */,
			);
			name = Main.storyboard;
			sourceTree = "<group>";
		};
		7477A5E72AAB64F800949D0D /* LaunchScreen.storyboard */ = {
			isa = PBXVariantGroup;
			children = (
				7477A5E82AAB64F800949D0D /* Base */,
			);
			name = LaunchScreen.storyboard;
			sourceTree = "<group>";
		};
/* End PBXVariantGroup section */

/* Begin XCBuildConfiguration section */
		7477A5EB2AAB64F800949D0D /* Debug */ = {
			isa = XCBuildConfiguration;
			buildSettings = {
				ALWAYS_SEARCH_USER_PATHS = NO;
				CLANG_ANALYZER_NONNULL = YES;
				CLANG_ANALYZER_NUMBER_OBJECT_CONVERSION = YES_AGGRESSIVE;
				CLANG_CXX_LANGUAGE_STANDARD = "gnu++20";
				CLANG_ENABLE_MODULES = YES;
				CLANG_ENABLE_OBJC_ARC = YES;
				CLANG_ENABLE_OBJC_WEAK = YES;
				CLANG_WARN_BLOCK_CAPTURE_AUTORELEASING = YES;
				CLANG_WARN_BOOL_CONVERSION = YES;
				CLANG_WARN_COMMA = YES;
				CLANG_WARN_CONSTANT_CONVERSION = YES;
				CLANG_WARN_DEPRECATED_OBJC_IMPLEMENTATIONS = YES;
				CLANG_WARN_DIRECT_OBJC_ISA_USAGE = YES_ERROR;
				CLANG_WARN_DOCUMENTATION_COMMENTS = YES;
				CLANG_WARN_EMPTY_BODY = YES;
				CLANG_WARN_ENUM_CONVERSION = YES;
				CLANG_WARN_INFINITE_RECURSION = YES;
				CLANG_WARN_INT_CONVERSION = YES;
				CLANG_WARN_NON_LITERAL_NULL_CONVERSION = YES;
				CLANG_WARN_OBJC_IMPLICIT_RETAIN_SELF = YES;
				CLANG_WARN_OBJC_LITERAL_CONVERSION = YES;
				CLANG_WARN_OBJC_ROOT_CLASS = YES_ERROR;
				CLANG_WARN_QUOTED_INCLUDE_IN_FRAMEWORK_HEADER = YES;
				CLANG_WARN_RANGE_LOOP_ANALYSIS = YES;
				CLANG_WARN_STRICT_PROTOTYPES = YES;
				CLANG_WARN_SUSPICIOUS_MOVE = YES;
				CLANG_WARN_UNGUARDED_AVAILABILITY = YES_AGGRESSIVE;
				CLANG_WARN_UNREACHABLE_CODE = YES;
				CLANG_WARN__DUPLICATE_METHOD_MATCH = YES;
				COPY_PHASE_STRIP = NO;
				DEBUG_INFORMATION_FORMAT = dwarf;
				ENABLE_STRICT_OBJC_MSGSEND = YES;
				ENABLE_TESTABILITY = YES;
				GCC_C_LANGUAGE_STANDARD = gnu11;
				GCC_DYNAMIC_NO_PIC = NO;
				GCC_NO_COMMON_BLOCKS = YES;
				GCC_OPTIMIZATION_LEVEL = 0;
				GCC_PREPROCESSOR_DEFINITIONS = (
					"DEBUG=1",
					"$(inherited)",
				);
				GCC_WARN_64_TO_32_BIT_CONVERSION = YES;
				GCC_WARN_ABOUT_RETURN_TYPE = YES_ERROR;
				GCC_WARN_UNDECLARED_SELECTOR = YES;
				GCC_WARN_UNINITIALIZED_AUTOS = YES_AGGRESSIVE;
				GCC_WARN_UNUSED_FUNCTION = YES;
				GCC_WARN_UNUSED_VARIABLE = YES;
				IPHONEOS_DEPLOYMENT_TARGET = 16.4;
				MTL_ENABLE_DEBUG_INFO = INCLUDE_SOURCE;
				MTL_FAST_MATH = YES;
				ONLY_ACTIVE_ARCH = YES;
				SDKROOT = iphoneos;
				SWIFT_ACTIVE_COMPILATION_CONDITIONS = DEBUG;
				SWIFT_OPTIMIZATION_LEVEL = "-Onone";
			};
			name = Debug;
		};
		7477A5EC2AAB64F800949D0D /* Release */ = {
			isa = XCBuildConfiguration;
			buildSettings = {
				ALWAYS_SEARCH_USER_PATHS = NO;
				CLANG_ANALYZER_NONNULL = YES;
				CLANG_ANALYZER_NUMBER_OBJECT_CONVERSION = YES_AGGRESSIVE;
				CLANG_CXX_LANGUAGE_STANDARD = "gnu++20";
				CLANG_ENABLE_MODULES = YES;
				CLANG_ENABLE_OBJC_ARC = YES;
				CLANG_ENABLE_OBJC_WEAK = YES;
				CLANG_WARN_BLOCK_CAPTURE_AUTORELEASING = YES;
				CLANG_WARN_BOOL_CONVERSION = YES;
				CLANG_WARN_COMMA = YES;
				CLANG_WARN_CONSTANT_CONVERSION = YES;
				CLANG_WARN_DEPRECATED_OBJC_IMPLEMENTATIONS = YES;
				CLANG_WARN_DIRECT_OBJC_ISA_USAGE = YES_ERROR;
				CLANG_WARN_DOCUMENTATION_COMMENTS = YES;
				CLANG_WARN_EMPTY_BODY = YES;
				CLANG_WARN_ENUM_CONVERSION = YES;
				CLANG_WARN_INFINITE_RECURSION = YES;
				CLANG_WARN_INT_CONVERSION = YES;
				CLANG_WARN_NON_LITERAL_NULL_CONVERSION = YES;
				CLANG_WARN_OBJC_IMPLICIT_RETAIN_SELF = YES;
				CLANG_WARN_OBJC_LITERAL_CONVERSION = YES;
				CLANG_WARN_OBJC_ROOT_CLASS = YES_ERROR;
				CLANG_WARN_QUOTED_INCLUDE_IN_FRAMEWORK_HEADER = YES;
				CLANG_WARN_RANGE_LOOP_ANALYSIS = YES;
				CLANG_WARN_STRICT_PROTOTYPES = YES;
				CLANG_WARN_SUSPICIOUS_MOVE = YES;
				CLANG_WARN_UNGUARDED_AVAILABILITY = YES_AGGRESSIVE;
				CLANG_WARN_UNREACHABLE_CODE = YES;
				CLANG_WARN__DUPLICATE_METHOD_MATCH = YES;
				COPY_PHASE_STRIP = NO;
				DEBUG_INFORMATION_FORMAT = "dwarf-with-dsym";
				ENABLE_NS_ASSERTIONS = NO;
				ENABLE_STRICT_OBJC_MSGSEND = YES;
				GCC_C_LANGUAGE_STANDARD = gnu11;
				GCC_NO_COMMON_BLOCKS = YES;
				GCC_WARN_64_TO_32_BIT_CONVERSION = YES;
				GCC_WARN_ABOUT_RETURN_TYPE = YES_ERROR;
				GCC_WARN_UNDECLARED_SELECTOR = YES;
				GCC_WARN_UNINITIALIZED_AUTOS = YES_AGGRESSIVE;
				GCC_WARN_UNUSED_FUNCTION = YES;
				GCC_WARN_UNUSED_VARIABLE = YES;
				IPHONEOS_DEPLOYMENT_TARGET = 16.4;
				MTL_ENABLE_DEBUG_INFO = NO;
				MTL_FAST_MATH = YES;
				SDKROOT = iphoneos;
				SWIFT_COMPILATION_MODE = wholemodule;
				SWIFT_OPTIMIZATION_LEVEL = "-O";
				VALIDATE_PRODUCT = YES;
			};
			name = Release;
		};
		7477A5EE2AAB64F800949D0D /* Debug */ = {
			isa = XCBuildConfiguration;
			buildSettings = {
				ASSETCATALOG_COMPILER_APPICON_NAME = AppIcon;
				ASSETCATALOG_COMPILER_GLOBAL_ACCENT_COLOR_NAME = AccentColor;
				CODE_SIGN_STYLE = Automatic;
				CURRENT_PROJECT_VERSION = 1;
				DEVELOPMENT_TEAM = CC2PWGRLYV;
				GENERATE_INFOPLIST_FILE = YES;
				INFOPLIST_FILE = MealTracker/Info.plist;
				INFOPLIST_KEY_UIApplicationSupportsIndirectInputEvents = YES;
				INFOPLIST_KEY_UILaunchStoryboardName = LaunchScreen;
				INFOPLIST_KEY_UIMainStoryboardFile = Main;
				INFOPLIST_KEY_UISupportedInterfaceOrientations_iPad = "UIInterfaceOrientationPortrait UIInterfaceOrientationPortraitUpsideDown UIInterfaceOrientationLandscapeLeft UIInterfaceOrientationLandscapeRight";
				INFOPLIST_KEY_UISupportedInterfaceOrientations_iPhone = "UIInterfaceOrientationPortrait UIInterfaceOrientationLandscapeLeft UIInterfaceOrientationLandscapeRight";
				LD_RUNPATH_SEARCH_PATHS = (
					"$(inherited)",
					"@executable_path/Frameworks",
				);
				MARKETING_VERSION = 1.0;
				PRODUCT_BUNDLE_IDENTIFIER = com.denisenkoev.MealTracker;
				PRODUCT_NAME = "$(TARGET_NAME)";
				SWIFT_EMIT_LOC_STRINGS = YES;
				SWIFT_VERSION = 5.0;
				TARGETED_DEVICE_FAMILY = "1,2";
			};
			name = Debug;
		};
		7477A5EF2AAB64F800949D0D /* Release */ = {
			isa = XCBuildConfiguration;
			buildSettings = {
				ASSETCATALOG_COMPILER_APPICON_NAME = AppIcon;
				ASSETCATALOG_COMPILER_GLOBAL_ACCENT_COLOR_NAME = AccentColor;
				CODE_SIGN_STYLE = Automatic;
				CURRENT_PROJECT_VERSION = 1;
				DEVELOPMENT_TEAM = CC2PWGRLYV;
				GENERATE_INFOPLIST_FILE = YES;
				INFOPLIST_FILE = MealTracker/Info.plist;
				INFOPLIST_KEY_UIApplicationSupportsIndirectInputEvents = YES;
				INFOPLIST_KEY_UILaunchStoryboardName = LaunchScreen;
				INFOPLIST_KEY_UIMainStoryboardFile = Main;
				INFOPLIST_KEY_UISupportedInterfaceOrientations_iPad = "UIInterfaceOrientationPortrait UIInterfaceOrientationPortraitUpsideDown UIInterfaceOrientationLandscapeLeft UIInterfaceOrientationLandscapeRight";
				INFOPLIST_KEY_UISupportedInterfaceOrientations_iPhone = "UIInterfaceOrientationPortrait UIInterfaceOrientationLandscapeLeft UIInterfaceOrientationLandscapeRight";
				LD_RUNPATH_SEARCH_PATHS = (
					"$(inherited)",
					"@executable_path/Frameworks",
				);
				MARKETING_VERSION = 1.0;
				PRODUCT_BUNDLE_IDENTIFIER = com.denisenkoev.MealTracker;
				PRODUCT_NAME = "$(TARGET_NAME)";
				SWIFT_EMIT_LOC_STRINGS = YES;
				SWIFT_VERSION = 5.0;
				TARGETED_DEVICE_FAMILY = "1,2";
			};
			name = Release;
		};
/* End XCBuildConfiguration section */

/* Begin XCConfigurationList section */
		7477A5D42AAB64F600949D0D /* Build configuration list for PBXProject "MealTracker" */ = {
			isa = XCConfigurationList;
			buildConfigurations = (
				7477A5EB2AAB64F800949D0D /* Debug */,
				7477A5EC2AAB64F800949D0D /* Release */,
			);
			defaultConfigurationIsVisible = 0;
			defaultConfigurationName = Release;
		};
		7477A5ED2AAB64F800949D0D /* Build configuration list for PBXNativeTarget "MealTracker" */ = {
			isa = XCConfigurationList;
			buildConfigurations = (
				7477A5EE2AAB64F800949D0D /* Debug */,
				7477A5EF2AAB64F800949D0D /* Release */,
			);
			defaultConfigurationIsVisible = 0;
			defaultConfigurationName = Release;
		};
/* End XCConfigurationList section */
	};
	rootObject = 7477A5D12AAB64F600949D0D /* Project object */;
}
